// !$*UTF8*$!
{
	archiveVersion = 1;
	classes = {
	};
	objectVersion = 56;
	objects = {

/* Begin PBXBuildFile section */
		B3046A06299225D70017F667 /* FitSafeApp.swift in Sources */ = {isa = PBXBuildFile; fileRef = B3046A05299225D70017F667 /* FitSafeApp.swift */; };
		B3046A08299225D70017F667 /* ContentView.swift in Sources */ = {isa = PBXBuildFile; fileRef = B3046A07299225D70017F667 /* ContentView.swift */; };
		B3046A0A299225D90017F667 /* Assets.xcassets in Resources */ = {isa = PBXBuildFile; fileRef = B3046A09299225D90017F667 /* Assets.xcassets */; };
		B3046A0D299225D90017F667 /* Preview Assets.xcassets in Resources */ = {isa = PBXBuildFile; fileRef = B3046A0C299225D90017F667 /* Preview Assets.xcassets */; };
		B3046A15299226250017F667 /* ItemsDataModel.xcdatamodeld in Sources */ = {isa = PBXBuildFile; fileRef = B3046A13299226250017F667 /* ItemsDataModel.xcdatamodeld */; };
		B3046A18299227390017F667 /* ItemsProvider.swift in Sources */ = {isa = PBXBuildFile; fileRef = B3046A17299227390017F667 /* ItemsProvider.swift */; };
		B3046A1B2992289F0017F667 /* Item.swift in Sources */ = {isa = PBXBuildFile; fileRef = B3046A1A2992289F0017F667 /* Item.swift */; };
		B3046A1E29922A810017F667 /* CreateItemView.swift in Sources */ = {isa = PBXBuildFile; fileRef = B3046A1D29922A810017F667 /* CreateItemView.swift */; };
		B3046A2029922DD80017F667 /* EditItemViewModel.swift in Sources */ = {isa = PBXBuildFile; fileRef = B3046A1F29922DD80017F667 /* EditItemViewModel.swift */; };
		B3046A22299235D00017F667 /* ItemDetailView.swift in Sources */ = {isa = PBXBuildFile; fileRef = B3046A21299235D00017F667 /* ItemDetailView.swift */; };
		B3046A24299250030017F667 /* ItemRowView.swift in Sources */ = {isa = PBXBuildFile; fileRef = B3046A23299250030017F667 /* ItemRowView.swift */; };
		B3046A2C2993A7AB0017F667 /* NoShoesView.swift in Sources */ = {isa = PBXBuildFile; fileRef = B3046A2B2993A7AB0017F667 /* NoShoesView.swift */; };
		B3046A5E299B971E0017F667 /* EditItemView.swift in Sources */ = {isa = PBXBuildFile; fileRef = B3046A5D299B971E0017F667 /* EditItemView.swift */; };
/* End PBXBuildFile section */

/* Begin PBXFileReference section */
		B3046A02299225D70017F667 /* FitSafe.app */ = {isa = PBXFileReference; explicitFileType = wrapper.application; includeInIndex = 0; path = FitSafe.app; sourceTree = BUILT_PRODUCTS_DIR; };
		B3046A05299225D70017F667 /* FitSafeApp.swift */ = {isa = PBXFileReference; lastKnownFileType = sourcecode.swift; path = FitSafeApp.swift; sourceTree = "<group>"; };
		B3046A07299225D70017F667 /* ContentView.swift */ = {isa = PBXFileReference; lastKnownFileType = sourcecode.swift; path = ContentView.swift; sourceTree = "<group>"; };
		B3046A09299225D90017F667 /* Assets.xcassets */ = {isa = PBXFileReference; lastKnownFileType = folder.assetcatalog; path = Assets.xcassets; sourceTree = "<group>"; };
		B3046A0C299225D90017F667 /* Preview Assets.xcassets */ = {isa = PBXFileReference; lastKnownFileType = folder.assetcatalog; path = "Preview Assets.xcassets"; sourceTree = "<group>"; };
		B3046A14299226250017F667 /* ItemsDataModel.xcdatamodel */ = {isa = PBXFileReference; lastKnownFileType = wrapper.xcdatamodel; path = ItemsDataModel.xcdatamodel; sourceTree = "<group>"; };
		B3046A17299227390017F667 /* ItemsProvider.swift */ = {isa = PBXFileReference; lastKnownFileType = sourcecode.swift; path = ItemsProvider.swift; sourceTree = "<group>"; };
		B3046A1A2992289F0017F667 /* Item.swift */ = {isa = PBXFileReference; lastKnownFileType = sourcecode.swift; path = Item.swift; sourceTree = "<group>"; };
		B3046A1D29922A810017F667 /* CreateItemView.swift */ = {isa = PBXFileReference; lastKnownFileType = sourcecode.swift; path = CreateItemView.swift; sourceTree = "<group>"; };
		B3046A1F29922DD80017F667 /* EditItemViewModel.swift */ = {isa = PBXFileReference; lastKnownFileType = sourcecode.swift; path = EditItemViewModel.swift; sourceTree = "<group>"; };
		B3046A21299235D00017F667 /* ItemDetailView.swift */ = {isa = PBXFileReference; lastKnownFileType = sourcecode.swift; path = ItemDetailView.swift; sourceTree = "<group>"; };
		B3046A23299250030017F667 /* ItemRowView.swift */ = {isa = PBXFileReference; lastKnownFileType = sourcecode.swift; path = ItemRowView.swift; sourceTree = "<group>"; };
		B3046A2B2993A7AB0017F667 /* NoShoesView.swift */ = {isa = PBXFileReference; lastKnownFileType = sourcecode.swift; path = NoShoesView.swift; sourceTree = "<group>"; };
		B3046A5D299B971E0017F667 /* EditItemView.swift */ = {isa = PBXFileReference; lastKnownFileType = sourcecode.swift; path = EditItemView.swift; sourceTree = "<group>"; };
/* End PBXFileReference section */

/* Begin PBXFrameworksBuildPhase section */
		B30469FF299225D70017F667 /* Frameworks */ = {
			isa = PBXFrameworksBuildPhase;
			buildActionMask = 2147483647;
			files = (
			);
			runOnlyForDeploymentPostprocessing = 0;
		};
/* End PBXFrameworksBuildPhase section */

/* Begin PBXGroup section */
		B30469F9299225D70017F667 = {
			isa = PBXGroup;
			children = (
				B3046A04299225D70017F667 /* FitSafe */,
				B3046A03299225D70017F667 /* Products */,
			);
			sourceTree = "<group>";
		};
		B3046A03299225D70017F667 /* Products */ = {
			isa = PBXGroup;
			children = (
				B3046A02299225D70017F667 /* FitSafe.app */,
			);
			name = Products;
			sourceTree = "<group>";
		};
		B3046A04299225D70017F667 /* FitSafe */ = {
			isa = PBXGroup;
			children = (
				B3046A1C29922A600017F667 /* Create  */,
				B3046A192992288A0017F667 /* Model */,
				B3046A162992270A0017F667 /* Provider */,
				B3046A05299225D70017F667 /* FitSafeApp.swift */,
				B3046A13299226250017F667 /* ItemsDataModel.xcdatamodeld */,
				B3046A2A2993A7860017F667 /* Views */,
				B3046A09299225D90017F667 /* Assets.xcassets */,
				B3046A0B299225D90017F667 /* Preview Content */,
			);
			path = FitSafe;
			sourceTree = "<group>";
		};
		B3046A0B299225D90017F667 /* Preview Content */ = {
			isa = PBXGroup;
			children = (
				B3046A0C299225D90017F667 /* Preview Assets.xcassets */,
			);
			path = "Preview Content";
			sourceTree = "<group>";
		};
		B3046A162992270A0017F667 /* Provider */ = {
			isa = PBXGroup;
			children = (
				B3046A17299227390017F667 /* ItemsProvider.swift */,
			);
			name = Provider;
			sourceTree = "<group>";
		};
		B3046A192992288A0017F667 /* Model */ = {
			isa = PBXGroup;
			children = (
				B3046A1A2992289F0017F667 /* Item.swift */,
			);
			path = Model;
			sourceTree = "<group>";
		};
		B3046A1C29922A600017F667 /* Create  */ = {
			isa = PBXGroup;
			children = (
				B3046A1D29922A810017F667 /* CreateItemView.swift */,
				B3046A5D299B971E0017F667 /* EditItemView.swift */,
				B3046A1F29922DD80017F667 /* EditItemViewModel.swift */,
			);
			path = "Create ";
			sourceTree = "<group>";
		};
		B3046A2A2993A7860017F667 /* Views */ = {
			isa = PBXGroup;
			children = (
				B3046A21299235D00017F667 /* ItemDetailView.swift */,
				B3046A23299250030017F667 /* ItemRowView.swift */,
				B3046A07299225D70017F667 /* ContentView.swift */,
				B3046A2B2993A7AB0017F667 /* NoShoesView.swift */,
			);
			path = Views;
			sourceTree = "<group>";
		};
/* End PBXGroup section */

/* Begin PBXNativeTarget section */
		B3046A01299225D70017F667 /* FitSafe */ = {
			isa = PBXNativeTarget;
			buildConfigurationList = B3046A10299225D90017F667 /* Build configuration list for PBXNativeTarget "FitSafe" */;
			buildPhases = (
				B30469FE299225D70017F667 /* Sources */,
				B30469FF299225D70017F667 /* Frameworks */,
				B3046A00299225D70017F667 /* Resources */,
			);
			buildRules = (
			);
			dependencies = (
			);
			name = FitSafe;
			productName = FitSafe;
			productReference = B3046A02299225D70017F667 /* FitSafe.app */;
			productType = "com.apple.product-type.application";
		};
/* End PBXNativeTarget section */

/* Begin PBXProject section */
		B30469FA299225D70017F667 /* Project object */ = {
			isa = PBXProject;
			attributes = {
				BuildIndependentTargetsInParallel = 1;
				LastSwiftUpdateCheck = 1420;
				LastUpgradeCheck = 1420;
				TargetAttributes = {
					B3046A01299225D70017F667 = {
						CreatedOnToolsVersion = 14.2;
					};
				};
			};
			buildConfigurationList = B30469FD299225D70017F667 /* Build configuration list for PBXProject "FitSafe" */;
			compatibilityVersion = "Xcode 14.0";
			developmentRegion = en;
			hasScannedForEncodings = 0;
			knownRegions = (
				en,
				Base,
			);
			mainGroup = B30469F9299225D70017F667;
			productRefGroup = B3046A03299225D70017F667 /* Products */;
			projectDirPath = "";
			projectRoot = "";
			targets = (
				B3046A01299225D70017F667 /* FitSafe */,
			);
		};
/* End PBXProject section */

/* Begin PBXResourcesBuildPhase section */
		B3046A00299225D70017F667 /* Resources */ = {
			isa = PBXResourcesBuildPhase;
			buildActionMask = 2147483647;
			files = (
				B3046A0D299225D90017F667 /* Preview Assets.xcassets in Resources */,
				B3046A0A299225D90017F667 /* Assets.xcassets in Resources */,
			);
			runOnlyForDeploymentPostprocessing = 0;
		};
/* End PBXResourcesBuildPhase section */

/* Begin PBXSourcesBuildPhase section */
		B30469FE299225D70017F667 /* Sources */ = {
			isa = PBXSourcesBuildPhase;
			buildActionMask = 2147483647;
			files = (
				B3046A1B2992289F0017F667 /* Item.swift in Sources */,
				B3046A08299225D70017F667 /* ContentView.swift in Sources */,
				B3046A24299250030017F667 /* ItemRowView.swift in Sources */,
				B3046A15299226250017F667 /* ItemsDataModel.xcdatamodeld in Sources */,
				B3046A2C2993A7AB0017F667 /* NoShoesView.swift in Sources */,
				B3046A06299225D70017F667 /* FitSafeApp.swift in Sources */,
				B3046A5E299B971E0017F667 /* EditItemView.swift in Sources */,
				B3046A22299235D00017F667 /* ItemDetailView.swift in Sources */,
				B3046A18299227390017F667 /* ItemsProvider.swift in Sources */,
				B3046A2029922DD80017F667 /* EditItemViewModel.swift in Sources */,
				B3046A1E29922A810017F667 /* CreateItemView.swift in Sources */,
			);
			runOnlyForDeploymentPostprocessing = 0;
		};
/* End PBXSourcesBuildPhase section */

/* Begin XCBuildConfiguration section */
		B3046A0E299225D90017F667 /* Debug */ = {
			isa = XCBuildConfiguration;
			buildSettings = {
				ALWAYS_SEARCH_USER_PATHS = NO;
				CLANG_ANALYZER_NONNULL = YES;
				CLANG_ANALYZER_NUMBER_OBJECT_CONVERSION = YES_AGGRESSIVE;
				CLANG_CXX_LANGUAGE_STANDARD = "gnu++20";
				CLANG_ENABLE_MODULES = YES;
				CLANG_ENABLE_OBJC_ARC = YES;
				CLANG_ENABLE_OBJC_WEAK = YES;
				CLANG_WARN_BLOCK_CAPTURE_AUTORELEASING = YES;
				CLANG_WARN_BOOL_CONVERSION = YES;
				CLANG_WARN_COMMA = YES;
				CLANG_WARN_CONSTANT_CONVERSION = YES;
				CLANG_WARN_DEPRECATED_OBJC_IMPLEMENTATIONS = YES;
				CLANG_WARN_DIRECT_OBJC_ISA_USAGE = YES_ERROR;
				CLANG_WARN_DOCUMENTATION_COMMENTS = YES;
				CLANG_WARN_EMPTY_BODY = YES;
				CLANG_WARN_ENUM_CONVERSION = YES;
				CLANG_WARN_INFINITE_RECURSION = YES;
				CLANG_WARN_INT_CONVERSION = YES;
				CLANG_WARN_NON_LITERAL_NULL_CONVERSION = YES;
				CLANG_WARN_OBJC_IMPLICIT_RETAIN_SELF = YES;
				CLANG_WARN_OBJC_LITERAL_CONVERSION = YES;
				CLANG_WARN_OBJC_ROOT_CLASS = YES_ERROR;
				CLANG_WARN_QUOTED_INCLUDE_IN_FRAMEWORK_HEADER = YES;
				CLANG_WARN_RANGE_LOOP_ANALYSIS = YES;
				CLANG_WARN_STRICT_PROTOTYPES = YES;
				CLANG_WARN_SUSPICIOUS_MOVE = YES;
				CLANG_WARN_UNGUARDED_AVAILABILITY = YES_AGGRESSIVE;
				CLANG_WARN_UNREACHABLE_CODE = YES;
				CLANG_WARN__DUPLICATE_METHOD_MATCH = YES;
				COPY_PHASE_STRIP = NO;
				DEBUG_INFORMATION_FORMAT = dwarf;
				ENABLE_STRICT_OBJC_MSGSEND = YES;
				ENABLE_TESTABILITY = YES;
				GCC_C_LANGUAGE_STANDARD = gnu11;
				GCC_DYNAMIC_NO_PIC = NO;
				GCC_NO_COMMON_BLOCKS = YES;
				GCC_OPTIMIZATION_LEVEL = 0;
				GCC_PREPROCESSOR_DEFINITIONS = (
					"DEBUG=1",
					"$(inherited)",
				);
				GCC_WARN_64_TO_32_BIT_CONVERSION = YES;
				GCC_WARN_ABOUT_RETURN_TYPE = YES_ERROR;
				GCC_WARN_UNDECLARED_SELECTOR = YES;
				GCC_WARN_UNINITIALIZED_AUTOS = YES_AGGRESSIVE;
				GCC_WARN_UNUSED_FUNCTION = YES;
				GCC_WARN_UNUSED_VARIABLE = YES;
				IPHONEOS_DEPLOYMENT_TARGET = 16.2;
				MTL_ENABLE_DEBUG_INFO = INCLUDE_SOURCE;
				MTL_FAST_MATH = YES;
				ONLY_ACTIVE_ARCH = YES;
				SDKROOT = iphoneos;
				SWIFT_ACTIVE_COMPILATION_CONDITIONS = DEBUG;
				SWIFT_OPTIMIZATION_LEVEL = "-Onone";
			};
			name = Debug;
		};
		B3046A0F299225D90017F667 /* Release */ = {
			isa = XCBuildConfiguration;
			buildSettings = {
				ALWAYS_SEARCH_USER_PATHS = NO;
				CLANG_ANALYZER_NONNULL = YES;
				CLANG_ANALYZER_NUMBER_OBJECT_CONVERSION = YES_AGGRESSIVE;
				CLANG_CXX_LANGUAGE_STANDARD = "gnu++20";
				CLANG_ENABLE_MODULES = YES;
				CLANG_ENABLE_OBJC_ARC = YES;
				CLANG_ENABLE_OBJC_WEAK = YES;
				CLANG_WARN_BLOCK_CAPTURE_AUTORELEASING = YES;
				CLANG_WARN_BOOL_CONVERSION = YES;
				CLANG_WARN_COMMA = YES;
				CLANG_WARN_CONSTANT_CONVERSION = YES;
				CLANG_WARN_DEPRECATED_OBJC_IMPLEMENTATIONS = YES;
				CLANG_WARN_DIRECT_OBJC_ISA_USAGE = YES_ERROR;
				CLANG_WARN_DOCUMENTATION_COMMENTS = YES;
				CLANG_WARN_EMPTY_BODY = YES;
				CLANG_WARN_ENUM_CONVERSION = YES;
				CLANG_WARN_INFINITE_RECURSION = YES;
				CLANG_WARN_INT_CONVERSION = YES;
				CLANG_WARN_NON_LITERAL_NULL_CONVERSION = YES;
				CLANG_WARN_OBJC_IMPLICIT_RETAIN_SELF = YES;
				CLANG_WARN_OBJC_LITERAL_CONVERSION = YES;
				CLANG_WARN_OBJC_ROOT_CLASS = YES_ERROR;
				CLANG_WARN_QUOTED_INCLUDE_IN_FRAMEWORK_HEADER = YES;
				CLANG_WARN_RANGE_LOOP_ANALYSIS = YES;
				CLANG_WARN_STRICT_PROTOTYPES = YES;
				CLANG_WARN_SUSPICIOUS_MOVE = YES;
				CLANG_WARN_UNGUARDED_AVAILABILITY = YES_AGGRESSIVE;
				CLANG_WARN_UNREACHABLE_CODE = YES;
				CLANG_WARN__DUPLICATE_METHOD_MATCH = YES;
				COPY_PHASE_STRIP = NO;
				DEBUG_INFORMATION_FORMAT = "dwarf-with-dsym";
				ENABLE_NS_ASSERTIONS = NO;
				ENABLE_STRICT_OBJC_MSGSEND = YES;
				GCC_C_LANGUAGE_STANDARD = gnu11;
				GCC_NO_COMMON_BLOCKS = YES;
				GCC_WARN_64_TO_32_BIT_CONVERSION = YES;
				GCC_WARN_ABOUT_RETURN_TYPE = YES_ERROR;
				GCC_WARN_UNDECLARED_SELECTOR = YES;
				GCC_WARN_UNINITIALIZED_AUTOS = YES_AGGRESSIVE;
				GCC_WARN_UNUSED_FUNCTION = YES;
				GCC_WARN_UNUSED_VARIABLE = YES;
				IPHONEOS_DEPLOYMENT_TARGET = 16.2;
				MTL_ENABLE_DEBUG_INFO = NO;
				MTL_FAST_MATH = YES;
				SDKROOT = iphoneos;
				SWIFT_COMPILATION_MODE = wholemodule;
				SWIFT_OPTIMIZATION_LEVEL = "-O";
				VALIDATE_PRODUCT = YES;
			};
			name = Release;
		};
		B3046A11299225D90017F667 /* Debug */ = {
			isa = XCBuildConfiguration;
			buildSettings = {
				ASSETCATALOG_COMPILER_APPICON_NAME = AppIcon;
				ASSETCATALOG_COMPILER_GLOBAL_ACCENT_COLOR_NAME = AccentColor;
				CODE_SIGN_STYLE = Automatic;
				CURRENT_PROJECT_VERSION = 1;
				DEVELOPMENT_ASSET_PATHS = "\"FitSafe/Preview Content\"";
				DEVELOPMENT_TEAM = UKMR5469AZ;
				ENABLE_PREVIEWS = YES;
				GENERATE_INFOPLIST_FILE = YES;
				INFOPLIST_KEY_UIApplicationSceneManifest_Generation = YES;
				INFOPLIST_KEY_UIApplicationSupportsIndirectInputEvents = YES;
				INFOPLIST_KEY_UILaunchScreen_Generation = YES;
				INFOPLIST_KEY_UISupportedInterfaceOrientations_iPad = "UIInterfaceOrientationPortrait UIInterfaceOrientationPortraitUpsideDown UIInterfaceOrientationLandscapeLeft UIInterfaceOrientationLandscapeRight";
				INFOPLIST_KEY_UISupportedInterfaceOrientations_iPhone = "UIInterfaceOrientationPortrait UIInterfaceOrientationLandscapeLeft UIInterfaceOrientationLandscapeRight";
				LD_RUNPATH_SEARCH_PATHS = (
					"$(inherited)",
					"@executable_path/Frameworks",
				);
				MARKETING_VERSION = 1.0;
				PRODUCT_BUNDLE_IDENTIFIER = com.williamsouef.FitSafe;
				PRODUCT_NAME = "$(TARGET_NAME)";
				SWIFT_EMIT_LOC_STRINGS = YES;
				SWIFT_VERSION = 5.0;
				TARGETED_DEVICE_FAMILY = "1,2";
			};
			name = Debug;
		};
		B3046A12299225D90017F667 /* Release */ = {
			isa = XCBuildConfiguration;
			buildSettings = {
				ASSETCATALOG_COMPILER_APPICON_NAME = AppIcon;
				ASSETCATALOG_COMPILER_GLOBAL_ACCENT_COLOR_NAME = AccentColor;
				CODE_SIGN_STYLE = Automatic;
				CURRENT_PROJECT_VERSION = 1;
				DEVELOPMENT_ASSET_PATHS = "\"FitSafe/Preview Content\"";
				DEVELOPMENT_TEAM = UKMR5469AZ;
				ENABLE_PREVIEWS = YES;
				GENERATE_INFOPLIST_FILE = YES;
				INFOPLIST_KEY_UIApplicationSceneManifest_Generation = YES;
				INFOPLIST_KEY_UIApplicationSupportsIndirectInputEvents = YES;
				INFOPLIST_KEY_UILaunchScreen_Generation = YES;
				INFOPLIST_KEY_UISupportedInterfaceOrientations_iPad = "UIInterfaceOrientationPortrait UIInterfaceOrientationPortraitUpsideDown UIInterfaceOrientationLandscapeLeft UIInterfaceOrientationLandscapeRight";
				INFOPLIST_KEY_UISupportedInterfaceOrientations_iPhone = "UIInterfaceOrientationPortrait UIInterfaceOrientationLandscapeLeft UIInterfaceOrientationLandscapeRight";
				LD_RUNPATH_SEARCH_PATHS = (
					"$(inherited)",
					"@executable_path/Frameworks",
				);
				MARKETING_VERSION = 1.0;
				PRODUCT_BUNDLE_IDENTIFIER = com.williamsouef.FitSafe;
				PRODUCT_NAME = "$(TARGET_NAME)";
				SWIFT_EMIT_LOC_STRINGS = YES;
				SWIFT_VERSION = 5.0;
				TARGETED_DEVICE_FAMILY = "1,2";
			};
			name = Release;
		};
/* End XCBuildConfiguration section */

/* Begin XCConfigurationList section */
		B30469FD299225D70017F667 /* Build configuration list for PBXProject "FitSafe" */ = {
			isa = XCConfigurationList;
			buildConfigurations = (
				B3046A0E299225D90017F667 /* Debug */,
				B3046A0F299225D90017F667 /* Release */,
			);
			defaultConfigurationIsVisible = 0;
			defaultConfigurationName = Release;
		};
		B3046A10299225D90017F667 /* Build configuration list for PBXNativeTarget "FitSafe" */ = {
			isa = XCConfigurationList;
			buildConfigurations = (
				B3046A11299225D90017F667 /* Debug */,
				B3046A12299225D90017F667 /* Release */,
			);
			defaultConfigurationIsVisible = 0;
			defaultConfigurationName = Release;
		};
/* End XCConfigurationList section */

/* Begin XCVersionGroup section */
		B3046A13299226250017F667 /* ItemsDataModel.xcdatamodeld */ = {
			isa = XCVersionGroup;
			children = (
				B3046A14299226250017F667 /* ItemsDataModel.xcdatamodel */,
			);
			currentVersion = B3046A14299226250017F667 /* ItemsDataModel.xcdatamodel */;
			path = ItemsDataModel.xcdatamodeld;
			sourceTree = "<group>";
			versionGroupType = wrapper.xcdatamodel;
		};
/* End XCVersionGroup section */
	};
	rootObject = B30469FA299225D70017F667 /* Project object */;
}
